# THIS IS AN AUTOGENERATED FILE. DO NOT EDIT THIS FILE DIRECTLY.
# yarn lockfile v1


"@ant-design/colors@^3.1.0":
  version "3.2.2"
  resolved "https://registry.npm.taobao.org/@ant-design/colors/download/@ant-design/colors-3.2.2.tgz#5ad43d619e911f3488ebac303d606e66a8423903"
  integrity sha1-WtQ9YZ6RHzSI66wwPWBuZqhCOQM=
  dependencies:
    tinycolor2 "^1.4.1"

"@ant-design/create-react-context@^0.2.4":
  version "0.2.4"
  resolved "https://registry.npm.taobao.org/@ant-design/create-react-context/download/@ant-design/create-react-context-0.2.4.tgz#0fe9adad030350c0c9bb296dd6dcf5a8a36bd425"
  integrity sha1-D+mtrQMDUMDJuylt1tz1qKNr1CU=
  dependencies:
    gud "^1.0.0"
    warning "^4.0.3"

"@ant-design/icons-react@~2.0.1":
  version "2.0.1"
  resolved "https://registry.npm.taobao.org/@ant-design/icons-react/download/@ant-design/icons-react-2.0.1.tgz#17a2513571ab317aca2927e58cea25dd31e536fb"
  integrity sha1-F6JRNXGrMXrKKSfljOol3THlNvs=
  dependencies:
    "@ant-design/colors" "^3.1.0"
    babel-runtime "^6.26.0"

"@ant-design/icons@~2.1.1":
  version "2.1.1"
  resolved "https://registry.npm.taobao.org/@ant-design/icons/download/@ant-design/icons-2.1.1.tgz#7b9c08dffd4f5d41db667d9dbe5e0107d0bd9a4a"
  integrity sha1-e5wI3/1PXUHbZn2dvl4BB9C9mko=

"@types/node@^12.12.8":
  version "12.12.8"
  resolved "https://registry.npm.taobao.org/@types/node/download/@types/node-12.12.8.tgz?cache=0&sync_timestamp=1573848614685&other_urls=https%3A%2F%2Fregistry.npm.taobao.org%2F%40types%2Fnode%2Fdownload%2F%40types%2Fnode-12.12.8.tgz#dab418655af39ce2fa99286a0bed21ef8072ac9d"
  integrity sha1-2rQYZVrznOL6mShqC+0h74ByrJ0=

"@types/prop-types@*":
  version "15.7.3"
  resolved "https://registry.npm.taobao.org/@types/prop-types/download/@types/prop-types-15.7.3.tgz?cache=0&sync_timestamp=1572464318358&other_urls=https%3A%2F%2Fregistry.npm.taobao.org%2F%40types%2Fprop-types%2Fdownload%2F%40types%2Fprop-types-15.7.3.tgz#2ab0d5da2e5815f94b0b9d4b95d1e5f243ab2ca7"
  integrity sha1-KrDV2i5YFflLC51LldHl8kOrLKc=

"@types/radium@^0.24.2":
  version "0.24.2"
  resolved "https://registry.npm.taobao.org/@types/radium/download/@types/radium-0.24.2.tgz#a3cfa86122cbef363d9175660806c0c1574048ec"
  integrity sha1-o8+oYSLL7zY9kXVmCAbAwVdASOw=
  dependencies:
    "@types/react" "*"

"@types/react-slick@^0.23.4":
  version "0.23.4"
  resolved "https://registry.npm.taobao.org/@types/react-slick/download/@types/react-slick-0.23.4.tgz#c97e2a9e7e3d1933c68593b8e82752fab1e8ce53"
  integrity sha1-yX4qnn49GTPGhZO46CdS+rHozlM=
  dependencies:
    "@types/react" "*"

"@types/react@*":
  version "16.9.11"
  resolved "https://registry.npm.taobao.org/@types/react/download/@types/react-16.9.11.tgz?cache=0&sync_timestamp=1572464320120&other_urls=https%3A%2F%2Fregistry.npm.taobao.org%2F%40types%2Freact%2Fdownload%2F%40types%2Freact-16.9.11.tgz#70e0b7ad79058a7842f25ccf2999807076ada120"
  integrity sha1-cOC3rXkFinhC8lzPKZmAcHatoSA=
  dependencies:
    "@types/prop-types" "*"
    csstype "^2.2.0"

add-dom-event-listener@^1.1.0:
  version "1.1.0"
  resolved "https://registry.npm.taobao.org/add-dom-event-listener/download/add-dom-event-listener-1.1.0.tgz#6a92db3a0dd0abc254e095c0f1dc14acbbaae310"
  integrity sha1-apLbOg3Qq8JU4JXA8dwUrLuq4xA=
  dependencies:
    object-assign "4.x"

antd@^3.25.2:
  version "3.25.2"
  resolved "https://registry.npm.taobao.org/antd/download/antd-3.25.2.tgz?cache=0&sync_timestamp=1573961474693&other_urls=https%3A%2F%2Fregistry.npm.taobao.org%2Fantd%2Fdownload%2Fantd-3.25.2.tgz#6994e2f9639194c08dce4634c6296577ad44ac9d"
  integrity sha1-aZTi+WORlMCNzkY0xilld61ErJ0=
  dependencies:
    "@ant-design/create-react-context" "^0.2.4"
    "@ant-design/icons" "~2.1.1"
    "@ant-design/icons-react" "~2.0.1"
    "@types/react-slick" "^0.23.4"
    array-tree-filter "^2.1.0"
    babel-runtime "6.x"
    classnames "~2.2.6"
    copy-to-clipboard "^3.2.0"
    css-animation "^1.5.0"
    dom-closest "^0.2.0"
    enquire.js "^2.1.6"
    lodash "^4.17.13"
    moment "^2.24.0"
    omit.js "^1.0.2"
    prop-types "^15.7.2"
    raf "^3.4.1"
    rc-animate "^2.10.2"
    rc-calendar "~9.15.5"
    rc-cascader "~0.17.4"
    rc-checkbox "~2.1.6"
    rc-collapse "~1.11.3"
    rc-dialog "~7.5.2"
    rc-drawer "~3.0.0"
    rc-dropdown "~2.4.1"
    rc-editor-mention "^1.1.13"
    rc-form "^2.4.10"
    rc-input-number "~4.5.0"
    rc-mentions "~0.4.0"
    rc-menu "~7.5.1"
    rc-notification "~3.3.1"
    rc-pagination "~1.20.5"
    rc-progress "~2.5.0"
    rc-rate "~2.5.0"
    rc-resize-observer "^0.1.0"
    rc-select "~9.2.0"
    rc-slider "~8.7.1"
    rc-steps "~3.5.0"
    rc-switch "~1.9.0"
    rc-table "~6.9.4"
    rc-tabs "~9.6.4"
    rc-time-picker "~3.7.1"
    rc-tooltip "~3.7.3"
    rc-tree "~2.1.0"
    rc-tree-select "~2.9.1"
    rc-trigger "^2.6.2"
    rc-upload "~2.9.1"
    rc-util "^4.10.0"
    react-lazy-load "^3.0.13"
    react-lifecycles-compat "^3.0.4"
    react-slick "~0.25.2"
    resize-observer-polyfill "^1.5.1"
    shallowequal "^1.1.0"
    warning "~4.0.3"

array-tree-filter@^2.1.0:
  version "2.1.0"
  resolved "https://registry.npm.taobao.org/array-tree-filter/download/array-tree-filter-2.1.0.tgz#873ac00fec83749f255ac8dd083814b4f6329190"
  integrity sha1-hzrAD+yDdJ8lWsjdCDgUtPYykZA=

asap@~2.0.3:
  version "2.0.6"
  resolved "https://registry.npm.taobao.org/asap/download/asap-2.0.6.tgz#e50347611d7e690943208bbdafebcbc2fb866d46"
  integrity sha1-5QNHYR1+aQlDIIu9r+vLwvuGbUY=

async-validator@~1.11.3:
  version "1.11.5"
  resolved "https://registry.npm.taobao.org/async-validator/download/async-validator-1.11.5.tgz?cache=0&sync_timestamp=1573494332941&other_urls=https%3A%2F%2Fregistry.npm.taobao.org%2Fasync-validator%2Fdownload%2Fasync-validator-1.11.5.tgz#9d43cf49ef6bb76be5442388d19fb9a6e47597ea"
  integrity sha1-nUPPSe9rt2vlRCOI0Z+5puR1l+o=

babel-runtime@6.x, babel-runtime@^6.23.0, babel-runtime@^6.26.0:
  version "6.26.0"
  resolved "https://registry.npm.taobao.org/babel-runtime/download/babel-runtime-6.26.0.tgz#965c7058668e82b55d7bfe04ff2337bc8b5647fe"
  integrity sha1-llxwWGaOgrVde/4E/yM3vItWR/4=
  dependencies:
    core-js "^2.4.0"
    regenerator-runtime "^0.11.0"

bowser@^1.7.3:
  version "1.9.4"
  resolved "https://registry.npm.taobao.org/bowser/download/bowser-1.9.4.tgz#890c58a2813a9d3243704334fa81b96a5c150c9a"
  integrity sha1-iQxYooE6nTJDcEM0+oG5alwVDJo=

classnames@2.x, classnames@^2.2.0, classnames@^2.2.1, classnames@^2.2.3, classnames@^2.2.5, classnames@^2.2.6, classnames@~2.2.6:
  version "2.2.6"
  resolved "https://registry.npm.taobao.org/classnames/download/classnames-2.2.6.tgz#43935bffdd291f326dad0a205309b38d00f650ce"
  integrity sha1-Q5Nb/90pHzJtrQogUwmzjQD2UM4=

component-classes@1.x, component-classes@^1.2.5, component-classes@^1.2.6:
  version "1.2.6"
  resolved "https://registry.npm.taobao.org/component-classes/download/component-classes-1.2.6.tgz#c642394c3618a4d8b0b8919efccbbd930e5cd691"
  integrity sha1-xkI5TDYYpNiwuJGe/Mu9kw5c1pE=
  dependencies:
    component-indexof "0.0.3"

component-indexof@0.0.3:
  version "0.0.3"
  resolved "https://registry.npm.taobao.org/component-indexof/download/component-indexof-0.0.3.tgz#11d091312239eb8f32c8f25ae9cb002ffe8d3c24"
  integrity sha1-EdCRMSI5648yyPJa6csAL/6NPCQ=

copy-to-clipboard@^3.2.0:
  version "3.2.0"
  resolved "https://registry.npm.taobao.org/copy-to-clipboard/download/copy-to-clipboard-3.2.0.tgz#d2724a3ccbfed89706fac8a894872c979ac74467"
  integrity sha1-0nJKPMv+2JcG+siolIcsl5rHRGc=
  dependencies:
    toggle-selection "^1.0.6"

core-js@^1.0.0:
  version "1.2.7"
  resolved "https://registry.npm.taobao.org/core-js/download/core-js-1.2.7.tgz?cache=0&sync_timestamp=1573985371469&other_urls=https%3A%2F%2Fregistry.npm.taobao.org%2Fcore-js%2Fdownload%2Fcore-js-1.2.7.tgz#652294c14651db28fa93bd2d5ff2983a4f08c636"
  integrity sha1-ZSKUwUZR2yj6k70tX/KYOk8IxjY=

core-js@^2.4.0:
  version "2.6.10"
  resolved "https://registry.npm.taobao.org/core-js/download/core-js-2.6.10.tgz?cache=0&sync_timestamp=1573985371469&other_urls=https%3A%2F%2Fregistry.npm.taobao.org%2Fcore-js%2Fdownload%2Fcore-js-2.6.10.tgz#8a5b8391f8cc7013da703411ce5b585706300d7f"
  integrity sha1-iluDkfjMcBPacDQRzltYVwYwDX8=

create-react-class@^15.5.3:
  version "15.6.3"
  resolved "https://registry.npm.taobao.org/create-react-class/download/create-react-class-15.6.3.tgz?cache=0&other_urls=https%3A%2F%2Fregistry.npm.taobao.org%2Fcreate-react-class%2Fdownload%2Fcreate-react-class-15.6.3.tgz#2d73237fb3f970ae6ebe011a9e66f46dbca80036"
  integrity sha1-LXMjf7P5cK5uvgEanmb0bbyoADY=
  dependencies:
    fbjs "^0.8.9"
    loose-envify "^1.3.1"
    object-assign "^4.1.1"

css-animation@1.x, css-animation@^1.3.2, css-animation@^1.5.0:
  version "1.6.1"
  resolved "https://registry.npm.taobao.org/css-animation/download/css-animation-1.6.1.tgz?cache=0&sync_timestamp=1566456477727&other_urls=https%3A%2F%2Fregistry.npm.taobao.org%2Fcss-animation%2Fdownload%2Fcss-animation-1.6.1.tgz#162064a3b0d51f958b7ff37b3d6d4de18e17039e"
  integrity sha1-FiBko7DVH5WLf/N7PW1N4Y4XA54=
  dependencies:
    babel-runtime "6.x"
    component-classes "^1.2.5"

css-in-js-utils@^2.0.0:
  version "2.0.1"
  resolved "https://registry.npm.taobao.org/css-in-js-utils/download/css-in-js-utils-2.0.1.tgz?cache=0&sync_timestamp=1574172826318&other_urls=https%3A%2F%2Fregistry.npm.taobao.org%2Fcss-in-js-utils%2Fdownload%2Fcss-in-js-utils-2.0.1.tgz#3b472b398787291b47cfe3e44fecfdd9e914ba99"
  integrity sha1-O0crOYeHKRtHz+PkT+z92ekUupk=
  dependencies:
    hyphenate-style-name "^1.0.2"
    isobject "^3.0.1"

csstype@^2.2.0:
  version "2.6.7"
  resolved "https://registry.npm.taobao.org/csstype/download/csstype-2.6.7.tgz#20b0024c20b6718f4eda3853a1f5a1cce7f5e4a5"
  integrity sha1-ILACTCC2cY9O2jhTofWhzOf15KU=

dom-align@^1.7.0:
  version "1.10.2"
  resolved "https://registry.npm.taobao.org/dom-align/download/dom-align-1.10.2.tgz#540ea1c9e20462bd11b9fc28c561dc8351ece4c6"
  integrity sha1-VA6hyeIEYr0RufwoxWHcg1Hs5MY=

dom-closest@^0.2.0:
  version "0.2.0"
  resolved "https://registry.npm.taobao.org/dom-closest/download/dom-closest-0.2.0.tgz#ebd9f91d1bf22e8d6f477876bbcd3ec90216c0cf"
  integrity sha1-69n5HRvyLo1vR3h2u80+yQIWwM8=
  dependencies:
    dom-matches ">=1.0.1"

dom-matches@>=1.0.1:
  version "2.0.0"
  resolved "https://registry.npm.taobao.org/dom-matches/download/dom-matches-2.0.0.tgz#d2728b416a87533980eb089b848d253cf23a758c"
  integrity sha1-0nKLQWqHUzmA6wibhI0lPPI6dYw=

dom-scroll-into-view@1.x, dom-scroll-into-view@^1.2.0, dom-scroll-into-view@^1.2.1:
  version "1.2.1"
  resolved "https://registry.npm.taobao.org/dom-scroll-into-view/download/dom-scroll-into-view-1.2.1.tgz#e8f36732dd089b0201a88d7815dc3f88e6d66c7e"
  integrity sha1-6PNnMt0ImwIBqI14Fdw/iObWbH4=

draft-js@^0.10.0, draft-js@~0.10.0:
  version "0.10.5"
  resolved "https://registry.npm.taobao.org/draft-js/download/draft-js-0.10.5.tgz?cache=0&other_urls=https%3A%2F%2Fregistry.npm.taobao.org%2Fdraft-js%2Fdownload%2Fdraft-js-0.10.5.tgz#bfa9beb018fe0533dbb08d6675c371a6b08fa742"
  integrity sha1-v6m+sBj+BTPbsI1mdcNxprCPp0I=
  dependencies:
    fbjs "^0.8.15"
    immutable "~3.7.4"
    object-assign "^4.1.0"

encoding@^0.1.11:
  version "0.1.12"
  resolved "https://registry.npm.taobao.org/encoding/download/encoding-0.1.12.tgz#538b66f3ee62cd1ab51ec323829d1f9480c74beb"
  integrity sha1-U4tm8+5izRq1HsMjgp0flIDHS+s=
  dependencies:
    iconv-lite "~0.4.13"

enquire.js@^2.1.6:
  version "2.1.6"
  resolved "https://registry.npm.taobao.org/enquire.js/download/enquire.js-2.1.6.tgz#3e8780c9b8b835084c3f60e166dbc3c2a3c89814"
  integrity sha1-PoeAybi4NQhMP2DhZtvDwqPImBQ=

eventlistener@0.0.1:
  version "0.0.1"
  resolved "https://registry.npm.taobao.org/eventlistener/download/eventlistener-0.0.1.tgz#ed2baabb852227af2bcf889152c72c63ca532eb8"
  integrity sha1-7Suqu4UiJ68rz4iRUscsY8pTLrg=

exenv@^1.2.1:
  version "1.2.2"
  resolved "https://registry.npm.taobao.org/exenv/download/exenv-1.2.2.tgz#2ae78e85d9894158670b03d47bec1f03bd91bb9d"
  integrity sha1-KueOhdmJQVhnCwPUe+wfA72Ru50=

fbjs@^0.8.15, fbjs@^0.8.16, fbjs@^0.8.9:
  version "0.8.17"
  resolved "https://registry.npm.taobao.org/fbjs/download/fbjs-0.8.17.tgz?cache=0&other_urls=https%3A%2F%2Fregistry.npm.taobao.org%2Ffbjs%2Fdownload%2Ffbjs-0.8.17.tgz#c4d598ead6949112653d6588b01a5cdcd9f90fdd"
  integrity sha1-xNWY6taUkRJlPWWIsBpc3Nn5D90=
  dependencies:
    core-js "^1.0.0"
    isomorphic-fetch "^2.1.1"
    loose-envify "^1.0.0"
    object-assign "^4.1.0"
    promise "^7.1.1"
    setimmediate "^1.0.5"
    ua-parser-js "^0.7.18"

gud@^1.0.0:
  version "1.0.0"
  resolved "https://registry.npm.taobao.org/gud/download/gud-1.0.0.tgz#a489581b17e6a70beca9abe3ae57de7a499852c0"
  integrity sha1-pIlYGxfmpwvsqavjrlfeekmYUsA=

hammerjs@^2.0.8:
  version "2.0.8"
  resolved "https://registry.npm.taobao.org/hammerjs/download/hammerjs-2.0.8.tgz#04ef77862cff2bb79d30f7692095930222bf60f1"
  integrity sha1-BO93hiz/K7edMPdpIJWTAiK/YPE=

hoist-non-react-statics@3.3.0:
  version "3.3.0"
  resolved "https://registry.npm.taobao.org/hoist-non-react-statics/download/hoist-non-react-statics-3.3.0.tgz#b09178f0122184fb95acf525daaecb4d8f45958b"
  integrity sha1-sJF48BIhhPuVrPUl2q7LTY9FlYs=
  dependencies:
    react-is "^16.7.0"

hoist-non-react-statics@^2.3.1:
  version "2.5.5"
  resolved "https://registry.npm.taobao.org/hoist-non-react-statics/download/hoist-non-react-statics-2.5.5.tgz#c5903cf409c0dfd908f388e619d86b9c1174cb47"
  integrity sha1-xZA89AnA39kI84jmGdhrnBF0y0c=

hoist-non-react-statics@^3.3.0:
  version "3.3.1"
  resolved "https://registry.npm.taobao.org/hoist-non-react-statics/download/hoist-non-react-statics-3.3.1.tgz#101685d3aff3b23ea213163f6e8e12f4f111e19f"
  integrity sha1-EBaF06/zsj6iExY/bo4S9PER4Z8=
  dependencies:
    react-is "^16.7.0"

hyphenate-style-name@^1.0.2:
  version "1.0.3"
  resolved "https://registry.npm.taobao.org/hyphenate-style-name/download/hyphenate-style-name-1.0.3.tgz#097bb7fa0b8f1a9cf0bd5c734cf95899981a9b48"
  integrity sha1-CXu3+guPGpzwvVxzTPlYmZgam0g=

iconv-lite@~0.4.13:
  version "0.4.24"
  resolved "https://registry.npm.taobao.org/iconv-lite/download/iconv-lite-0.4.24.tgz#2022b4b25fbddc21d2f524974a474aafe733908b"
  integrity sha1-ICK0sl+93CHS9SSXSkdKr+czkIs=
  dependencies:
    safer-buffer ">= 2.1.2 < 3"

immutable@^3.7.4:
  version "3.8.2"
  resolved "https://registry.npm.taobao.org/immutable/download/immutable-3.8.2.tgz#c2439951455bb39913daf281376f1530e104adf3"
  integrity sha1-wkOZUUVbs5kT2vKBN28VMOEErfM=

immutable@~3.7.4:
  version "3.7.6"
  resolved "https://registry.npm.taobao.org/immutable/download/immutable-3.7.6.tgz#13b4d3cb12befa15482a26fe1b2ebae640071e4b"
  integrity sha1-E7TTyxK++hVIKib+Gy665kAHHks=

inline-style-prefixer@^4.0.0:
  version "4.0.2"
  resolved "https://registry.npm.taobao.org/inline-style-prefixer/download/inline-style-prefixer-4.0.2.tgz#d390957d26f281255fe101da863158ac6eb60911"
  integrity sha1-05CVfSbygSVf4QHahjFYrG62CRE=
  dependencies:
    bowser "^1.7.3"
    css-in-js-utils "^2.0.0"

is-stream@^1.0.1:
  version "1.1.0"
  resolved "https://registry.npm.taobao.org/is-stream/download/is-stream-1.1.0.tgz#12d4a3dd4e68e0b79ceb8dbc84173ae80d91ca44"
  integrity sha1-EtSj3U5o4Lec6428hBc66A2RykQ=

isobject@^3.0.1:
  version "3.0.1"
  resolved "https://registry.npm.taobao.org/isobject/download/isobject-3.0.1.tgz#4e431e92b11a9731636aa1f9c8d1ccbcfdab78df"
  integrity sha1-TkMekrEalzFjaqH5yNHMvP2reN8=

isomorphic-fetch@^2.1.1:
  version "2.2.1"
  resolved "https://registry.npm.taobao.org/isomorphic-fetch/download/isomorphic-fetch-2.2.1.tgz#611ae1acf14f5e81f729507472819fe9733558a9"
  integrity sha1-YRrhrPFPXoH3KVB0coGf6XM1WKk=
  dependencies:
    node-fetch "^1.0.1"
    whatwg-fetch ">=0.10.0"

"js-tokens@^3.0.0 || ^4.0.0":
  version "4.0.0"
  resolved "https://registry.npm.taobao.org/js-tokens/download/js-tokens-4.0.0.tgz#19203fb59991df98e3a287050d4647cdeaf32499"
  integrity sha1-GSA/tZmR35jjoocFDUZHzerzJJk=

json2mq@^0.2.0:
  version "0.2.0"
  resolved "https://registry.npm.taobao.org/json2mq/download/json2mq-0.2.0.tgz#b637bd3ba9eabe122c83e9720483aeb10d2c904a"
  integrity sha1-tje9O6nqvhIsg+lyBIOusQ0skEo=
  dependencies:
    string-convert "^0.2.0"

lodash.debounce@^4.0.0, lodash.debounce@^4.0.8:
  version "4.0.8"
  resolved "https://registry.npm.taobao.org/lodash.debounce/download/lodash.debounce-4.0.8.tgz#82d79bff30a67c4005ffd5e2515300ad9ca4d7af"
  integrity sha1-gteb/zCmfEAF/9XiUVMArZyk168=

lodash.throttle@^4.0.0:
  version "4.1.1"
  resolved "https://registry.npm.taobao.org/lodash.throttle/download/lodash.throttle-4.1.1.tgz#c23e91b710242ac70c37f1e1cda9274cc39bf2f4"
  integrity sha1-wj6RtxAkKscMN/HhzaknTMOb8vQ=

lodash@^4.16.5, lodash@^4.17.13, lodash@^4.17.4, lodash@^4.17.5:
  version "4.17.15"
  resolved "https://registry.npm.taobao.org/lodash/download/lodash-4.17.15.tgz?cache=0&other_urls=https%3A%2F%2Fregistry.npm.taobao.org%2Flodash%2Fdownload%2Flodash-4.17.15.tgz#b447f6670a0455bbfeedd11392eff330ea097548"
  integrity sha1-tEf2ZwoEVbv+7dETku/zMOoJdUg=

loose-envify@^1.0.0, loose-envify@^1.1.0, loose-envify@^1.3.1, loose-envify@^1.4.0:
  version "1.4.0"
  resolved "https://registry.npm.taobao.org/loose-envify/download/loose-envify-1.4.0.tgz#71ee51fa7be4caec1a63839f7e682d8132d30caf"
  integrity sha1-ce5R+nvkyuwaY4OffmgtgTLTDK8=
  dependencies:
    js-tokens "^3.0.0 || ^4.0.0"

mini-store@^2.0.0:
  version "2.0.0"
  resolved "https://registry.npm.taobao.org/mini-store/download/mini-store-2.0.0.tgz#0843c048d6942ce55e3e78b1b67fc063022b5488"
  integrity sha1-CEPASNaULOVePnixtn/AYwIrVIg=
  dependencies:
    hoist-non-react-statics "^2.3.1"
    prop-types "^15.6.0"
    react-lifecycles-compat "^3.0.4"
    shallowequal "^1.0.2"

moment@2.x, moment@^2.24.0:
  version "2.24.0"
  resolved "https://registry.npm.taobao.org/moment/download/moment-2.24.0.tgz#0d055d53f5052aa653c9f6eb68bb5d12bf5c2b5b"
  integrity sha1-DQVdU/UFKqZTyfbraLtdEr9cK1s=

mutationobserver-shim@^0.3.2:
  version "0.3.3"
  resolved "https://registry.npm.taobao.org/mutationobserver-shim/download/mutationobserver-shim-0.3.3.tgz#65869630bc89d7bf8c9cd9cb82188cd955aacd2b"
  integrity sha1-ZYaWMLyJ17+MnNnLghiM2VWqzSs=

node-fetch@^1.0.1:
  version "1.7.3"
  resolved "https://registry.npm.taobao.org/node-fetch/download/node-fetch-1.7.3.tgz#980f6f72d85211a5347c6b2bc18c5b84c3eb47ef"
  integrity sha1-mA9vcthSEaU0fGsrwYxbhMPrR+8=
  dependencies:
    encoding "^0.1.11"
    is-stream "^1.0.1"

object-assign@4.x, object-assign@^4.1.0, object-assign@^4.1.1:
  version "4.1.1"
  resolved "https://registry.npm.taobao.org/object-assign/download/object-assign-4.1.1.tgz#2109adc7965887cfc05cbbd442cac8bfbb360863"
  integrity sha1-IQmtx5ZYh8/AXLvUQsrIv7s2CGM=

omit.js@^1.0.2:
  version "1.0.2"
  resolved "https://registry.npm.taobao.org/omit.js/download/omit.js-1.0.2.tgz#91a14f0eba84066dfa015bf30e474c47f30bc858"
  integrity sha1-kaFPDrqEBm36AVvzDkdMR/MLyFg=
  dependencies:
    babel-runtime "^6.23.0"

performance-now@^2.1.0:
  version "2.1.0"
  resolved "https://registry.npm.taobao.org/performance-now/download/performance-now-2.1.0.tgz#6309f4e0e5fa913ec1c69307ae364b4b377c9e7b"
  integrity sha1-Ywn04OX6kT7BxpMHrjZLSzd8nns=

prettier@^1.19.1:
  version "1.19.1"
  resolved "https://registry.npm.taobao.org/prettier/download/prettier-1.19.1.tgz#f7d7f5ff8a9cd872a7be4ca142095956a60797cb"
  integrity sha1-99f1/4qc2HKnvkyhQglZVqYHl8s=

promise@^7.1.1:
  version "7.3.1"
  resolved "https://registry.npm.taobao.org/promise/download/promise-7.3.1.tgz#064b72602b18f90f29192b8b1bc418ffd1ebd3bf"
  integrity sha1-BktyYCsY+Q8pGSuLG8QY/9Hr078=
  dependencies:
    asap "~2.0.3"

prop-types@15.x, prop-types@^15.5.10, prop-types@^15.5.4, prop-types@^15.5.6, prop-types@^15.5.7, prop-types@^15.5.8, prop-types@^15.5.9, prop-types@^15.6.0, prop-types@^15.6.2, prop-types@^15.7.2:
  version "15.7.2"
  resolved "https://registry.npm.taobao.org/prop-types/download/prop-types-15.7.2.tgz#52c41e75b8c87e72b9d9360e0206b99dcbffa6c5"
  integrity sha1-UsQedbjIfnK52TYOAga5ncv/psU=
  dependencies:
    loose-envify "^1.4.0"
    object-assign "^4.1.1"
    react-is "^16.8.1"

radium@^0.26.0:
  version "0.26.0"
  resolved "https://registry.npm.taobao.org/radium/download/radium-0.26.0.tgz#3f5107e35da257abbcfafb486f11ca2ce99f1b0b"
  integrity sha1-P1EH412iV6u8+vtIbxHKLOmfGws=
  dependencies:
    exenv "^1.2.1"
    hoist-non-react-statics "3.3.0"
    inline-style-prefixer "^4.0.0"
    prop-types "^15.5.8"

raf@^3.4.0, raf@^3.4.1:
  version "3.4.1"
  resolved "https://registry.npm.taobao.org/raf/download/raf-3.4.1.tgz?cache=0&other_urls=https%3A%2F%2Fregistry.npm.taobao.org%2Fraf%2Fdownload%2Fraf-3.4.1.tgz#0742e99a4a6552f445d73e3ee0328af0ff1ede39"
  integrity sha1-B0LpmkplUvRF1z4+4DKK8P8e3jk=
  dependencies:
    performance-now "^2.1.0"

rc-align@^2.4.0, rc-align@^2.4.1:
  version "2.4.5"
  resolved "https://registry.npm.taobao.org/rc-align/download/rc-align-2.4.5.tgz?cache=0&sync_timestamp=1573526597801&other_urls=https%3A%2F%2Fregistry.npm.taobao.org%2Frc-align%2Fdownload%2Frc-align-2.4.5.tgz#c941a586f59d1017f23a428f0b468663fb7102ab"
  integrity sha1-yUGlhvWdEBfyOkKPC0aGY/txAqs=
  dependencies:
    babel-runtime "^6.26.0"
    dom-align "^1.7.0"
    prop-types "^15.5.8"
    rc-util "^4.0.4"

rc-animate@2.x, rc-animate@^2.10.1, rc-animate@^2.10.2, rc-animate@^2.3.0, rc-animate@^2.6.0, rc-animate@^2.8.2:
  version "2.10.2"
  resolved "https://registry.npm.taobao.org/rc-animate/download/rc-animate-2.10.2.tgz?cache=0&sync_timestamp=1573293539833&other_urls=https%3A%2F%2Fregistry.npm.taobao.org%2Frc-animate%2Fdownload%2Frc-animate-2.10.2.tgz#217fdc76ff26cbf425a5caf87cc8a36ba4598456"
  integrity sha1-IX/cdv8my/Qlpcr4fMija6RZhFY=
  dependencies:
    babel-runtime "6.x"
    classnames "^2.2.6"
    css-animation "^1.3.2"
    prop-types "15.x"
    raf "^3.4.0"
    rc-util "^4.15.3"
    react-lifecycles-compat "^3.0.4"

rc-animate@^3.0.0-rc.1:
  version "3.0.0-rc.6"
  resolved "https://registry.npm.taobao.org/rc-animate/download/rc-animate-3.0.0-rc.6.tgz?cache=0&sync_timestamp=1573293539833&other_urls=https%3A%2F%2Fregistry.npm.taobao.org%2Frc-animate%2Fdownload%2Frc-animate-3.0.0-rc.6.tgz#04288eefa118e0cae214536c8a903ffaac1bc3fb"
  integrity sha1-BCiO76EY4MriFFNsipA/+qwbw/s=
  dependencies:
    babel-runtime "6.x"
    classnames "^2.2.5"
    component-classes "^1.2.6"
    fbjs "^0.8.16"
    prop-types "15.x"
    raf "^3.4.0"
    rc-util "^4.5.0"
    react-lifecycles-compat "^3.0.4"

rc-calendar@~9.15.5:
  version "9.15.7"
  resolved "https://registry.npm.taobao.org/rc-calendar/download/rc-calendar-9.15.7.tgz?cache=0&sync_timestamp=1573304134813&other_urls=https%3A%2F%2Fregistry.npm.taobao.org%2Frc-calendar%2Fdownload%2Frc-calendar-9.15.7.tgz#b3dfc0ffb7aecc6dba5b6a2ebb516eb44908a5bd"
  integrity sha1-s9/A/7euzG26W2ouu1FutEkIpb0=
  dependencies:
    babel-runtime "6.x"
    classnames "2.x"
    moment "2.x"
    prop-types "^15.5.8"
    rc-trigger "^2.2.0"
    rc-util "^4.1.1"
    react-lifecycles-compat "^3.0.4"

rc-cascader@~0.17.4:
  version "0.17.5"
  resolved "https://registry.npm.taobao.org/rc-cascader/download/rc-cascader-0.17.5.tgz#4fde91d23b7608c420263c38eee9c0687f80f7dc"
  integrity sha1-T96R0jt2CMQgJjw47unAaH+A99w=
  dependencies:
    array-tree-filter "^2.1.0"
    prop-types "^15.5.8"
    rc-trigger "^2.2.0"
    rc-util "^4.0.4"
    react-lifecycles-compat "^3.0.4"
    shallow-equal "^1.0.0"
    warning "^4.0.1"

rc-checkbox@~2.1.6:
  version "2.1.8"
  resolved "https://registry.npm.taobao.org/rc-checkbox/download/rc-checkbox-2.1.8.tgz#eedd9ef9c2f3af5b3b8e5cde5254aa89ad1a880a"
  integrity sha1-7t2e+cLzr1s7jlzeUlSqia0aiAo=
  dependencies:
    babel-runtime "^6.23.0"
    classnames "2.x"
    prop-types "15.x"
    react-lifecycles-compat "^3.0.4"

rc-collapse@~1.11.3:
  version "1.11.7"
  resolved "https://registry.npm.taobao.org/rc-collapse/download/rc-collapse-1.11.7.tgz#0b0d621aac36a980910cfb45365ac2c769455edb"
  integrity sha1-Cw1iGqw2qYCRDPtFNlrCx2lFXts=
  dependencies:
    classnames "2.x"
    css-animation "1.x"
    prop-types "^15.5.6"
    rc-animate "2.x"
    react-is "^16.7.0"
    react-lifecycles-compat "^3.0.4"
    shallowequal "^1.1.0"

rc-dialog@~7.5.2:
  version "7.5.13"
  resolved "https://registry.npm.taobao.org/rc-dialog/download/rc-dialog-7.5.13.tgz#ad3bdc668381e77977b6c4689a2b9e2687961a70"
  integrity sha1-rTvcZoOB53l3tsRomiueJoeWGnA=
  dependencies:
    babel-runtime "6.x"
    rc-animate "2.x"
    rc-util "^4.8.1"

rc-drawer@~3.0.0:
  version "3.0.2"
  resolved "https://registry.npm.taobao.org/rc-drawer/download/rc-drawer-3.0.2.tgz?cache=0&sync_timestamp=1571129691109&other_urls=https%3A%2F%2Fregistry.npm.taobao.org%2Frc-drawer%2Fdownload%2Frc-drawer-3.0.2.tgz#1c42b2b7790040344f8f05f1d132b1ef0e97b783"
  integrity sha1-HEKyt3kAQDRPjwXx0TKx7w6Xt4M=
  dependencies:
    babel-runtime "^6.26.0"
    classnames "^2.2.6"
    rc-util "^4.11.2"
    react-lifecycles-compat "^3.0.4"

rc-dropdown@~2.4.1:
  version "2.4.1"
  resolved "https://registry.npm.taobao.org/rc-dropdown/download/rc-dropdown-2.4.1.tgz#aaef6eb3a5152cdd9982895c2a78d9b5f046cdec"
  integrity sha1-qu9us6UVLN2ZgolcKnjZtfBGzew=
  dependencies:
    babel-runtime "^6.26.0"
    classnames "^2.2.6"
    prop-types "^15.5.8"
    rc-trigger "^2.5.1"
    react-lifecycles-compat "^3.0.2"

rc-editor-core@~0.8.3:
  version "0.8.10"
  resolved "https://registry.npm.taobao.org/rc-editor-core/download/rc-editor-core-0.8.10.tgz#6f215bc5df9c33ffa9f6c5b30ca73a7dabe8ab7c"
  integrity sha1-byFbxd+cM/+p9sWzDKc6favoq3w=
  dependencies:
    babel-runtime "^6.26.0"
    classnames "^2.2.5"
    draft-js "^0.10.0"
    immutable "^3.7.4"
    lodash "^4.16.5"
    prop-types "^15.5.8"
    setimmediate "^1.0.5"

rc-editor-mention@^1.1.13:
  version "1.1.13"
  resolved "https://registry.npm.taobao.org/rc-editor-mention/download/rc-editor-mention-1.1.13.tgz#9f1cab1065f86b01523840321790c2ab12ac5e8b"
  integrity sha1-nxyrEGX4awFSOEAyF5DCqxKsXos=
  dependencies:
    babel-runtime "^6.23.0"
    classnames "^2.2.5"
    dom-scroll-into-view "^1.2.0"
    draft-js "~0.10.0"
    immutable "~3.7.4"
    prop-types "^15.5.8"
    rc-animate "^2.3.0"
    rc-editor-core "~0.8.3"

rc-form@^2.4.10:
  version "2.4.10"
  resolved "https://registry.npm.taobao.org/rc-form/download/rc-form-2.4.10.tgz#8bf7260a4c9a1d5b82621cee5f82d8daa4ecb84e"
  integrity sha1-i/cmCkyaHVuCYhzuX4LY2qTsuE4=
  dependencies:
    async-validator "~1.11.3"
    babel-runtime "6.x"
    create-react-class "^15.5.3"
    dom-scroll-into-view "1.x"
    hoist-non-react-statics "^3.3.0"
    lodash "^4.17.4"
    rc-util "^4.15.3"
    warning "^4.0.3"

rc-hammerjs@~0.6.0:
  version "0.6.9"
  resolved "https://registry.npm.taobao.org/rc-hammerjs/download/rc-hammerjs-0.6.9.tgz#9a4ddbda1b2ec8f9b9596091a6a989842a243907"
  integrity sha1-mk3b2hsuyPm5WWCRpqmJhCokOQc=
  dependencies:
    babel-runtime "6.x"
    hammerjs "^2.0.8"
    prop-types "^15.5.9"

rc-input-number@~4.5.0:
  version "4.5.1"
  resolved "https://registry.npm.taobao.org/rc-input-number/download/rc-input-number-4.5.1.tgz?cache=0&sync_timestamp=1571129317498&other_urls=https%3A%2F%2Fregistry.npm.taobao.org%2Frc-input-number%2Fdownload%2Frc-input-number-4.5.1.tgz#fcb03c1dda8b7b2a69fbb718f9c13c666caebd79"
  integrity sha1-/LA8HdqLeypp+7cY+cE8ZmyuvXk=
  dependencies:
    babel-runtime "6.x"
    classnames "^2.2.0"
    prop-types "^15.5.7"
    rc-util "^4.5.1"
    rmc-feedback "^2.0.0"

rc-mentions@~0.4.0:
  version "0.4.1"
  resolved "https://registry.npm.taobao.org/rc-mentions/download/rc-mentions-0.4.1.tgz#d261c71e29f060776f0c466c81a6e43031019239"
  integrity sha1-0mHHHinwYHdvDEZsgabkMDEBkjk=
  dependencies:
    "@ant-design/create-react-context" "^0.2.4"
    classnames "^2.2.6"
    rc-menu "^7.4.22"
    rc-trigger "^2.6.2"
    rc-util "^4.6.0"
    react-lifecycles-compat "^3.0.4"

rc-menu@^7.3.0, rc-menu@^7.4.22, rc-menu@~7.5.1:
  version "7.5.3"
  resolved "https://registry.npm.taobao.org/rc-menu/download/rc-menu-7.5.3.tgz?cache=0&sync_timestamp=1573097580660&other_urls=https%3A%2F%2Fregistry.npm.taobao.org%2Frc-menu%2Fdownload%2Frc-menu-7.5.3.tgz#0bdb71ef1f0b4608a25eb9848fa9f673f5353579"
  integrity sha1-C9tx7x8LRgiiXrmEj6n2c/U1NXk=
  dependencies:
    classnames "2.x"
    dom-scroll-into-view "1.x"
    mini-store "^2.0.0"
    mutationobserver-shim "^0.3.2"
    rc-animate "^2.10.1"
    rc-trigger "^2.3.0"
    rc-util "^4.13.0"
    resize-observer-polyfill "^1.5.0"
    shallowequal "^1.1.0"

rc-notification@~3.3.1:
  version "3.3.1"
  resolved "https://registry.npm.taobao.org/rc-notification/download/rc-notification-3.3.1.tgz#0baa3e70f8d40ab015ce8fa78c260c490fc7beb4"
  integrity sha1-C6o+cPjUCrAVzo+njCYMSQ/HvrQ=
  dependencies:
    babel-runtime "6.x"
    classnames "2.x"
    prop-types "^15.5.8"
    rc-animate "2.x"
    rc-util "^4.0.4"

rc-pagination@~1.20.5:
  version "1.20.11"
  resolved "https://registry.npm.taobao.org/rc-pagination/download/rc-pagination-1.20.11.tgz?cache=0&sync_timestamp=1573293735774&other_urls=https%3A%2F%2Fregistry.npm.taobao.org%2Frc-pagination%2Fdownload%2Frc-pagination-1.20.11.tgz#ff8ccbf422e229b0e36039bd33b5c9b619d74ad2"
  integrity sha1-/4zL9CLiKbDjYDm9M7XJthnXStI=
  dependencies:
    babel-runtime "6.x"
    classnames "^2.2.6"
    prop-types "^15.5.7"
    react-lifecycles-compat "^3.0.4"

rc-progress@~2.5.0:
  version "2.5.2"
  resolved "https://registry.npm.taobao.org/rc-progress/download/rc-progress-2.5.2.tgz?cache=0&other_urls=https%3A%2F%2Fregistry.npm.taobao.org%2Frc-progress%2Fdownload%2Frc-progress-2.5.2.tgz#ab01ba4e5d2fa36fc9f6f058b10b720e7315560c"
  integrity sha1-qwG6Tl0vo2/J9vBYsQtyDnMVVgw=
  dependencies:
    babel-runtime "6.x"
    prop-types "^15.5.8"

rc-rate@~2.5.0:
  version "2.5.0"
  resolved "https://registry.npm.taobao.org/rc-rate/download/rc-rate-2.5.0.tgz#72d4984a03d0a7a0e6779c7a79efcea27626abf6"
  integrity sha1-ctSYSgPQp6Dmd5x6ee/OonYmq/Y=
  dependencies:
    classnames "^2.2.5"
    prop-types "^15.5.8"
    rc-util "^4.3.0"
    react-lifecycles-compat "^3.0.4"

rc-resize-observer@^0.1.0:
  version "0.1.3"
  resolved "https://registry.npm.taobao.org/rc-resize-observer/download/rc-resize-observer-0.1.3.tgz#097191f9c3ab186ed907b553ba6ef565df11c249"
  integrity sha1-CXGR+cOrGG7ZB7VTum71Zd8Rwkk=
  dependencies:
    classnames "^2.2.1"
    rc-util "^4.13.0"
    resize-observer-polyfill "^1.5.1"

rc-select@~9.2.0:
  version "9.2.1"
  resolved "https://registry.npm.taobao.org/rc-select/download/rc-select-9.2.1.tgz?cache=0&sync_timestamp=1573009734062&other_urls=https%3A%2F%2Fregistry.npm.taobao.org%2Frc-select%2Fdownload%2Frc-select-9.2.1.tgz#0fbf47a933c36e1e6ef76c88fab32f58029e6a01"
  integrity sha1-D79HqTPDbh5u92yI+rMvWAKeagE=
  dependencies:
    babel-runtime "^6.23.0"
    classnames "2.x"
    component-classes "1.x"
    dom-scroll-into-view "1.x"
    prop-types "^15.5.8"
    raf "^3.4.0"
    rc-animate "2.x"
    rc-menu "^7.3.0"
    rc-trigger "^2.5.4"
    rc-util "^4.0.4"
    react-lifecycles-compat "^3.0.2"
    warning "^4.0.2"

rc-slider@~8.7.1:
  version "8.7.1"
  resolved "https://registry.npm.taobao.org/rc-slider/download/rc-slider-8.7.1.tgz?cache=0&other_urls=https%3A%2F%2Fregistry.npm.taobao.org%2Frc-slider%2Fdownload%2Frc-slider-8.7.1.tgz#9ed07362dc93489a38e654b21b8122ad70fd3c42"
  integrity sha1-ntBzYtyTSJo45lSyG4EirXD9PEI=
  dependencies:
    babel-runtime "6.x"
    classnames "^2.2.5"
    prop-types "^15.5.4"
    rc-tooltip "^3.7.0"
    rc-util "^4.0.4"
    react-lifecycles-compat "^3.0.4"
    shallowequal "^1.1.0"
    warning "^4.0.3"

rc-steps@~3.5.0:
  version "3.5.0"
  resolved "https://registry.npm.taobao.org/rc-steps/download/rc-steps-3.5.0.tgz#36b2a7f1f49907b0d90363884b18623caf9fb600"
  integrity sha1-NrKn8fSZB7DZA2OISxhiPK+ftgA=
  dependencies:
    babel-runtime "^6.23.0"
    classnames "^2.2.3"
    lodash "^4.17.5"
    prop-types "^15.5.7"

rc-switch@~1.9.0:
  version "1.9.0"
  resolved "https://registry.npm.taobao.org/rc-switch/download/rc-switch-1.9.0.tgz#ab2b878f2713c681358a453391976c9b95b290f7"
  integrity sha1-qyuHjycTxoE1ikUzkZdsm5WykPc=
  dependencies:
    classnames "^2.2.1"
    prop-types "^15.5.6"
    react-lifecycles-compat "^3.0.4"

rc-table@~6.9.4:
  version "6.9.5"
  resolved "https://registry.npm.taobao.org/rc-table/download/rc-table-6.9.5.tgz#b7394c3780d4ad2398d08d2059aba454f195273f"
  integrity sha1-tzlMN4DUrSOY0I0gWaukVPGVJz8=
  dependencies:
    classnames "^2.2.5"
    component-classes "^1.2.6"
    lodash "^4.17.5"
    mini-store "^2.0.0"
    prop-types "^15.5.8"
    rc-util "^4.13.0"
    react-lifecycles-compat "^3.0.2"
    shallowequal "^1.0.2"

rc-tabs@~9.6.4:
  version "9.6.7"
  resolved "https://registry.npm.taobao.org/rc-tabs/download/rc-tabs-9.6.7.tgz#c546115a351f5ed779ea5524143157f48ee0c015"
  integrity sha1-xUYRWjUfXtd56lUkFDFX9I7gwBU=
  dependencies:
    "@ant-design/create-react-context" "^0.2.4"
    babel-runtime "6.x"
    classnames "2.x"
    lodash "^4.17.5"
    prop-types "15.x"
    raf "^3.4.1"
    rc-hammerjs "~0.6.0"
    rc-util "^4.0.4"
    react-lifecycles-compat "^3.0.4"
    resize-observer-polyfill "^1.5.1"
    warning "^4.0.3"

rc-time-picker@~3.7.1:
  version "3.7.2"
  resolved "https://registry.npm.taobao.org/rc-time-picker/download/rc-time-picker-3.7.2.tgz#fabe5501adf1374d31a2d3b47f1ba89fc2dc2467"
  integrity sha1-+r5VAa3xN00xotO0fxuon8LcJGc=
  dependencies:
    classnames "2.x"
    moment "2.x"
    prop-types "^15.5.8"
    raf "^3.4.1"
    rc-trigger "^2.2.0"
    react-lifecycles-compat "^3.0.4"

rc-tooltip@^3.7.0, rc-tooltip@~3.7.3:
  version "3.7.3"
  resolved "https://registry.npm.taobao.org/rc-tooltip/download/rc-tooltip-3.7.3.tgz#280aec6afcaa44e8dff0480fbaff9e87fc00aecc"
  integrity sha1-KArsavyqROjf8EgPuv+eh/wArsw=
  dependencies:
    babel-runtime "6.x"
    prop-types "^15.5.8"
    rc-trigger "^2.2.2"

rc-tree-select@~2.9.1:
  version "2.9.1"
  resolved "https://registry.npm.taobao.org/rc-tree-select/download/rc-tree-select-2.9.1.tgz?cache=0&sync_timestamp=1569728163715&other_urls=https%3A%2F%2Fregistry.npm.taobao.org%2Frc-tree-select%2Fdownload%2Frc-tree-select-2.9.1.tgz#d076b8ce5bf432df3fdd8a6a01cdd9c93c8e7399"
  integrity sha1-0Ha4zlv0Mt8/3YpqAc3ZyTyOc5k=
  dependencies:
    classnames "^2.2.1"
    dom-scroll-into-view "^1.2.1"
    prop-types "^15.5.8"
    raf "^3.4.0"
    rc-animate "^2.8.2"
    rc-tree "~2.0.0"
    rc-trigger "^3.0.0-rc.2"
    rc-util "^4.5.0"
    react-lifecycles-compat "^3.0.4"
    shallowequal "^1.0.2"
    warning "^4.0.1"

rc-tree@~2.0.0:
  version "2.0.0"
  resolved "https://registry.npm.taobao.org/rc-tree/download/rc-tree-2.0.0.tgz?cache=0&sync_timestamp=1570863183463&other_urls=https%3A%2F%2Fregistry.npm.taobao.org%2Frc-tree%2Fdownload%2Frc-tree-2.0.0.tgz#68fc4c9ab696943b279a143619e2ecf05918fb53"
  integrity sha1-aPxMmraWlDsnmhQ2GeLs8FkY+1M=
  dependencies:
    babel-runtime "^6.23.0"
    classnames "2.x"
    prop-types "^15.5.8"
    rc-animate "^2.6.0"
    rc-util "^4.5.1"
    react-lifecycles-compat "^3.0.4"
    warning "^3.0.0"

rc-tree@~2.1.0:
  version "2.1.3"
  resolved "https://registry.npm.taobao.org/rc-tree/download/rc-tree-2.1.3.tgz?cache=0&sync_timestamp=1570863183463&other_urls=https%3A%2F%2Fregistry.npm.taobao.org%2Frc-tree%2Fdownload%2Frc-tree-2.1.3.tgz#5214ab1b21a1848eb9a2ddcb919e3bc46d6d390b"
  integrity sha1-UhSrGyGhhI65ot3LkZ47xG1tOQs=
  dependencies:
    "@ant-design/create-react-context" "^0.2.4"
    classnames "2.x"
    prop-types "^15.5.8"
    rc-animate "^2.6.0"
    rc-util "^4.5.1"
    react-lifecycles-compat "^3.0.4"
    warning "^4.0.3"

rc-trigger@^2.2.0, rc-trigger@^2.2.2, rc-trigger@^2.3.0, rc-trigger@^2.5.1, rc-trigger@^2.5.4, rc-trigger@^2.6.2:
  version "2.6.5"
  resolved "https://registry.npm.taobao.org/rc-trigger/download/rc-trigger-2.6.5.tgz?cache=0&sync_timestamp=1573957720425&other_urls=https%3A%2F%2Fregistry.npm.taobao.org%2Frc-trigger%2Fdownload%2Frc-trigger-2.6.5.tgz#140a857cf28bd0fa01b9aecb1e26a50a700e9885"
  integrity sha1-FAqFfPKL0PoBua7LHialCnAOmIU=
  dependencies:
    babel-runtime "6.x"
    classnames "^2.2.6"
    prop-types "15.x"
    rc-align "^2.4.0"
    rc-animate "2.x"
    rc-util "^4.4.0"
    react-lifecycles-compat "^3.0.4"

rc-trigger@^3.0.0-rc.2:
  version "3.0.0-rc.3"
  resolved "https://registry.npm.taobao.org/rc-trigger/download/rc-trigger-3.0.0-rc.3.tgz?cache=0&sync_timestamp=1573957720425&other_urls=https%3A%2F%2Fregistry.npm.taobao.org%2Frc-trigger%2Fdownload%2Frc-trigger-3.0.0-rc.3.tgz#35842df1674d25315e1426a44882a4c97652258b"
  integrity sha1-NYQt8WdNJTFeFCakSIKkyXZSJYs=
  dependencies:
    babel-runtime "6.x"
    classnames "^2.2.6"
    prop-types "15.x"
    raf "^3.4.0"
    rc-align "^2.4.1"
    rc-animate "^3.0.0-rc.1"
    rc-util "^4.4.0"

rc-upload@~2.9.1:
  version "2.9.2"
  resolved "https://registry.npm.taobao.org/rc-upload/download/rc-upload-2.9.2.tgz#bf9f16f2458a9a07def00234a6618307406ac7dd"
  integrity sha1-v58W8kWKmgfe8AI0pmGDB0Bqx90=
  dependencies:
    babel-runtime "6.x"
    classnames "^2.2.5"
    prop-types "^15.5.7"
    warning "4.x"

rc-util@^4.0.4, rc-util@^4.1.1, rc-util@^4.10.0, rc-util@^4.11.2, rc-util@^4.13.0, rc-util@^4.15.3, rc-util@^4.3.0, rc-util@^4.4.0, rc-util@^4.5.0, rc-util@^4.5.1, rc-util@^4.6.0, rc-util@^4.8.1:
  version "4.15.6"
  resolved "https://registry.npm.taobao.org/rc-util/download/rc-util-4.15.6.tgz?cache=0&sync_timestamp=1573741561535&other_urls=https%3A%2F%2Fregistry.npm.taobao.org%2Frc-util%2Fdownload%2Frc-util-4.15.6.tgz#cd36c82b44504052df054f991846820073a57ee0"
  integrity sha1-zTbIK0RQQFLfBU+ZGEaCAHOlfuA=
  dependencies:
    add-dom-event-listener "^1.1.0"
    babel-runtime "6.x"
    prop-types "^15.5.10"
    react-lifecycles-compat "^3.0.4"
    shallowequal "^1.1.0"

react-dom@^16.12.0:
  version "16.12.0"
  resolved "https://registry.npm.taobao.org/react-dom/download/react-dom-16.12.0.tgz?cache=0&sync_timestamp=1573775844336&other_urls=https%3A%2F%2Fregistry.npm.taobao.org%2Freact-dom%2Fdownload%2Freact-dom-16.12.0.tgz#0da4b714b8d13c2038c9396b54a92baea633fe11"
  integrity sha1-DaS3FLjRPCA4yTlrVKkrrqYz/hE=
  dependencies:
    loose-envify "^1.1.0"
    object-assign "^4.1.1"
    prop-types "^15.6.2"
    scheduler "^0.18.0"

react-is@^16.7.0, react-is@^16.8.1:
  version "16.12.0"
  resolved "https://registry.npm.taobao.org/react-is/download/react-is-16.12.0.tgz?cache=0&sync_timestamp=1573775845737&other_urls=https%3A%2F%2Fregistry.npm.taobao.org%2Freact-is%2Fdownload%2Freact-is-16.12.0.tgz#2cc0fe0fba742d97fd527c42a13bec4eeb06241c"
  integrity sha1-LMD+D7p0LZf9UnxCoTvsTusGJBw=

react-lazy-load@^3.0.13:
  version "3.0.13"
  resolved "https://registry.npm.taobao.org/react-lazy-load/download/react-lazy-load-3.0.13.tgz#3b0a92d336d43d3f0d73cbe6f35b17050b08b824"
  integrity sha1-OwqS0zbUPT8Nc8vm81sXBQsIuCQ=
  dependencies:
    eventlistener "0.0.1"
    lodash.debounce "^4.0.0"
    lodash.throttle "^4.0.0"
    prop-types "^15.5.8"

react-lifecycles-compat@^3.0.2, react-lifecycles-compat@^3.0.4:
  version "3.0.4"
  resolved "https://registry.npm.taobao.org/react-lifecycles-compat/download/react-lifecycles-compat-3.0.4.tgz#4f1a273afdfc8f3488a8c516bfda78f872352362"
  integrity sha1-TxonOv38jzSIqMUWv9p4+HI1I2I=

react-slick@~0.25.2:
  version "0.25.2"
  resolved "https://registry.npm.taobao.org/react-slick/download/react-slick-0.25.2.tgz#56331b67d47d8bcfe2dceb6acab1c8fd5bd1f6bc"
  integrity sha1-VjMbZ9R9i8/i3OtqyrHI/VvR9rw=
  dependencies:
    classnames "^2.2.5"
    enquire.js "^2.1.6"
    json2mq "^0.2.0"
    lodash.debounce "^4.0.8"
    resize-observer-polyfill "^1.5.0"

react@^16.12.0:
  version "16.12.0"
  resolved "https://registry.npm.taobao.org/react/download/react-16.12.0.tgz#0c0a9c6a142429e3614834d5a778e18aa78a0b83"
  integrity sha1-DAqcahQkKeNhSDTVp3jhiqeKC4M=
  dependencies:
    loose-envify "^1.1.0"
    object-assign "^4.1.1"
    prop-types "^15.6.2"

regenerator-runtime@^0.11.0:
  version "0.11.1"
  resolved "https://registry.npm.taobao.org/regenerator-runtime/download/regenerator-runtime-0.11.1.tgz#be05ad7f9bf7d22e056f9726cee5017fbf19e2e9"
  integrity sha1-vgWtf5v30i4Fb5cmzuUBf78Z4uk=

resize-observer-polyfill@^1.5.0, resize-observer-polyfill@^1.5.1:
  version "1.5.1"
  resolved "https://registry.npm.taobao.org/resize-observer-polyfill/download/resize-observer-polyfill-1.5.1.tgz#0e9020dd3d21024458d4ebd27e23e40269810464"
  integrity sha1-DpAg3T0hAkRY1OvSfiPkAmmBBGQ=

rmc-feedback@^2.0.0:
  version "2.0.0"
  resolved "https://registry.npm.taobao.org/rmc-feedback/download/rmc-feedback-2.0.0.tgz#cbc6cb3ae63c7a635eef0e25e4fbaf5ac366eeaa"
  integrity sha1-y8bLOuY8emNe7w4l5PuvWsNm7qo=
  dependencies:
    babel-runtime "6.x"
    classnames "^2.2.5"

"safer-buffer@>= 2.1.2 < 3":
  version "2.1.2"
  resolved "https://registry.npm.taobao.org/safer-buffer/download/safer-buffer-2.1.2.tgz?cache=0&other_urls=https%3A%2F%2Fregistry.npm.taobao.org%2Fsafer-buffer%2Fdownload%2Fsafer-buffer-2.1.2.tgz#44fa161b0187b9549dd84bb91802f9bd8385cd6a"
  integrity sha1-RPoWGwGHuVSd2Eu5GAL5vYOFzWo=

scheduler@^0.18.0:
  version "0.18.0"
  resolved "https://registry.npm.taobao.org/scheduler/download/scheduler-0.18.0.tgz?cache=0&sync_timestamp=1573775848977&other_urls=https%3A%2F%2Fregistry.npm.taobao.org%2Fscheduler%2Fdownload%2Fscheduler-0.18.0.tgz#5901ad6659bc1d8f3fdaf36eb7a67b0d6746b1c4"
  integrity sha1-WQGtZlm8HY8/2vNut6Z7DWdGscQ=
  dependencies:
    loose-envify "^1.1.0"
    object-assign "^4.1.1"

setimmediate@^1.0.5:
  version "1.0.5"
  resolved "https://registry.npm.taobao.org/setimmediate/download/setimmediate-1.0.5.tgz#290cbb232e306942d7d7ea9b83732ab7856f8285"
  integrity sha1-KQy7Iy4waULX1+qbg3Mqt4VvgoU=

shallow-equal@^1.0.0:
  version "1.2.0"
  resolved "https://registry.npm.taobao.org/shallow-equal/download/shallow-equal-1.2.0.tgz?cache=0&other_urls=https%3A%2F%2Fregistry.npm.taobao.org%2Fshallow-equal%2Fdownload%2Fshallow-equal-1.2.0.tgz#fd828d2029ff4e19569db7e19e535e94e2d1f5cc"
  integrity sha1-/YKNICn/ThlWnbfhnlNelOLR9cw=

shallowequal@^1.0.2, shallowequal@^1.1.0:
  version "1.1.0"
  resolved "https://registry.npm.taobao.org/shallowequal/download/shallowequal-1.1.0.tgz#188d521de95b9087404fd4dcb68b13df0ae4e7f8"
  integrity sha1-GI1SHelbkIdAT9TctosT3wrk5/g=

string-convert@^0.2.0:
  version "0.2.1"
  resolved "https://registry.npm.taobao.org/string-convert/download/string-convert-0.2.1.tgz#6982cc3049fbb4cd85f8b24568b9d9bf39eeff97"
  integrity sha1-aYLMMEn7tM2F+LJFaLnZvznu/5c=

tinycolor2@^1.4.1:
  version "1.4.1"
  resolved "https://registry.npm.taobao.org/tinycolor2/download/tinycolor2-1.4.1.tgz#f4fad333447bc0b07d4dc8e9209d8f39a8ac77e8"
  integrity sha1-9PrTM0R7wLB9TcjpIJ2POaisd+g=

toggle-selection@^1.0.6:
  version "1.0.6"
  resolved "https://registry.npm.taobao.org/toggle-selection/download/toggle-selection-1.0.6.tgz#6e45b1263f2017fa0acc7d89d78b15b8bf77da32"
  integrity sha1-bkWxJj8gF/oKzH2J14sVuL932jI=

ua-parser-js@^0.7.18:
  version "0.7.20"
  resolved "https://registry.npm.taobao.org/ua-parser-js/download/ua-parser-js-0.7.20.tgz#7527178b82f6a62a0f243d1f94fd30e3e3c21098"
  integrity sha1-dScXi4L2pioPJD0flP0w4+PCEJg=

warning@4.x, warning@^4.0.1, warning@^4.0.2, warning@^4.0.3, warning@~4.0.3:
  version "4.0.3"
  resolved "https://registry.npm.taobao.org/warning/download/warning-4.0.3.tgz?cache=0&other_urls=https%3A%2F%2Fregistry.npm.taobao.org%2Fwarning%2Fdownload%2Fwarning-4.0.3.tgz#16e9e077eb8a86d6af7d64aa1e05fd85b4678ca3"
  integrity sha1-Fungd+uKhtavfWSqHgX9hbRnjKM=
  dependencies:
    loose-envify "^1.0.0"

warning@^3.0.0:
  version "3.0.0"
  resolved "https://registry.npm.taobao.org/warning/download/warning-3.0.0.tgz?cache=0&other_urls=https%3A%2F%2Fregistry.npm.taobao.org%2Fwarning%2Fdownload%2Fwarning-3.0.0.tgz#32e5377cb572de4ab04753bdf8821c01ed605b7c"
  integrity sha1-MuU3fLVy3kqwR1O9+IIcAe1gW3w=
  dependencies:
    loose-envify "^1.0.0"

whatwg-fetch@>=0.10.0:
  version "3.0.0"
  resolved "https://registry.npm.taobao.org/whatwg-fetch/download/whatwg-fetch-3.0.0.tgz?cache=0&other_urls=https%3A%2F%2Fregistry.npm.taobao.org%2Fwhatwg-fetch%2Fdownload%2Fwhatwg-fetch-3.0.0.tgz#fc804e458cc460009b1a2b966bc8817d2578aefb"
  integrity sha1-/IBORYzEYACbGiuWa8iBfSV4rvs=
